// !$*UTF8*$!
{
	archiveVersion = 1;
	classes = {
	};
	objectVersion = 55;
	objects = {

/* Begin PBXBuildFile section */
		4936197A288A105600FFA82F /* Sidebar.swift in Sources */ = {isa = PBXBuildFile; fileRef = 49361979288A105600FFA82F /* Sidebar.swift */; };
		4936197B288A105600FFA82F /* Sidebar.swift in Sources */ = {isa = PBXBuildFile; fileRef = 49361979288A105600FFA82F /* Sidebar.swift */; };
		4936197D288AE24200FFA82F /* CourseItem.swift in Sources */ = {isa = PBXBuildFile; fileRef = 4936197C288AE24200FFA82F /* CourseItem.swift */; };
		4936197E288AE24200FFA82F /* CourseItem.swift in Sources */ = {isa = PBXBuildFile; fileRef = 4936197C288AE24200FFA82F /* CourseItem.swift */; };
		49361983288AE38400FFA82F /* CourseList.swift in Sources */ = {isa = PBXBuildFile; fileRef = 49361982288AE38400FFA82F /* CourseList.swift */; };
		49361984288AE38400FFA82F /* CourseList.swift in Sources */ = {isa = PBXBuildFile; fileRef = 49361982288AE38400FFA82F /* CourseList.swift */; };
		49C86CD22889166D009248BC /* Design_Code_iOS_14App.swift in Sources */ = {isa = PBXBuildFile; fileRef = 49C86CC22889166C009248BC /* Design_Code_iOS_14App.swift */; };
		49C86CD32889166D009248BC /* Design_Code_iOS_14App.swift in Sources */ = {isa = PBXBuildFile; fileRef = 49C86CC22889166C009248BC /* Design_Code_iOS_14App.swift */; };
		49C86CD42889166D009248BC /* ContentView.swift in Sources */ = {isa = PBXBuildFile; fileRef = 49C86CC32889166C009248BC /* ContentView.swift */; };
		49C86CD52889166D009248BC /* ContentView.swift in Sources */ = {isa = PBXBuildFile; fileRef = 49C86CC32889166C009248BC /* ContentView.swift */; };
		49C86CD62889166D009248BC /* Assets.xcassets in Resources */ = {isa = PBXBuildFile; fileRef = 49C86CC42889166D009248BC /* Assets.xcassets */; };
		49C86CD72889166D009248BC /* Assets.xcassets in Resources */ = {isa = PBXBuildFile; fileRef = 49C86CC42889166D009248BC /* Assets.xcassets */; };
		49C86CE128891CF3009248BC /* CourseRow.swift in Sources */ = {isa = PBXBuildFile; fileRef = 49C86CE028891CF3009248BC /* CourseRow.swift */; };
		49C86CE228891CF3009248BC /* CourseRow.swift in Sources */ = {isa = PBXBuildFile; fileRef = 49C86CE028891CF3009248BC /* CourseRow.swift */; };
		49C86CE428891EF2009248BC /* CoursesView.swift in Sources */ = {isa = PBXBuildFile; fileRef = 49C86CE328891EF2009248BC /* CoursesView.swift */; };
		49C86CE528891EF2009248BC /* CoursesView.swift in Sources */ = {isa = PBXBuildFile; fileRef = 49C86CE328891EF2009248BC /* CoursesView.swift */; };
/* End PBXBuildFile section */

/* Begin PBXFileReference section */
		49361979288A105600FFA82F /* Sidebar.swift */ = {isa = PBXFileReference; lastKnownFileType = sourcecode.swift; path = Sidebar.swift; sourceTree = "<group>"; };
		4936197C288AE24200FFA82F /* CourseItem.swift */ = {isa = PBXFileReference; lastKnownFileType = sourcecode.swift; path = CourseItem.swift; sourceTree = "<group>"; };
		49361982288AE38400FFA82F /* CourseList.swift */ = {isa = PBXFileReference; lastKnownFileType = sourcecode.swift; path = CourseList.swift; sourceTree = "<group>"; };
		49C86CC22889166C009248BC /* Design_Code_iOS_14App.swift */ = {isa = PBXFileReference; lastKnownFileType = sourcecode.swift; path = Design_Code_iOS_14App.swift; sourceTree = "<group>"; };
		49C86CC32889166C009248BC /* ContentView.swift */ = {isa = PBXFileReference; lastKnownFileType = sourcecode.swift; path = ContentView.swift; sourceTree = "<group>"; };
		49C86CC42889166D009248BC /* Assets.xcassets */ = {isa = PBXFileReference; lastKnownFileType = folder.assetcatalog; path = Assets.xcassets; sourceTree = "<group>"; };
		49C86CC92889166D009248BC /* Design Code iOS 14.app */ = {isa = PBXFileReference; explicitFileType = wrapper.application; includeInIndex = 0; path = "Design Code iOS 14.app"; sourceTree = BUILT_PRODUCTS_DIR; };
		49C86CCF2889166D009248BC /* Design Code iOS 14.app */ = {isa = PBXFileReference; explicitFileType = wrapper.application; includeInIndex = 0; path = "Design Code iOS 14.app"; sourceTree = BUILT_PRODUCTS_DIR; };
		49C86CD12889166D009248BC /* macOS.entitlements */ = {isa = PBXFileReference; lastKnownFileType = text.plist.entitlements; path = macOS.entitlements; sourceTree = "<group>"; };
		49C86CE028891CF3009248BC /* CourseRow.swift */ = {isa = PBXFileReference; lastKnownFileType = sourcecode.swift; path = CourseRow.swift; sourceTree = "<group>"; };
		49C86CE328891EF2009248BC /* CoursesView.swift */ = {isa = PBXFileReference; lastKnownFileType = sourcecode.swift; path = CoursesView.swift; sourceTree = "<group>"; };
/* End PBXFileReference section */

/* Begin PBXFrameworksBuildPhase section */
		49C86CC62889166D009248BC /* Frameworks */ = {
			isa = PBXFrameworksBuildPhase;
			buildActionMask = 2147483647;
			files = (
			);
			runOnlyForDeploymentPostprocessing = 0;
		};
		49C86CCC2889166D009248BC /* Frameworks */ = {
			isa = PBXFrameworksBuildPhase;
			buildActionMask = 2147483647;
			files = (
			);
			runOnlyForDeploymentPostprocessing = 0;
		};
/* End PBXFrameworksBuildPhase section */

/* Begin PBXGroup section */
		4936197F288AE2F600FFA82F /* Navigation */ = {
			isa = PBXGroup;
			children = (
				49C86CC32889166C009248BC /* ContentView.swift */,
				49361979288A105600FFA82F /* Sidebar.swift */,
			);
			path = Navigation;
			sourceTree = "<group>";
		};
		49361980288AE30D00FFA82F /* Items */ = {
			isa = PBXGroup;
			children = (
				49C86CE028891CF3009248BC /* CourseRow.swift */,
				4936197C288AE24200FFA82F /* CourseItem.swift */,
			);
			path = Items;
			sourceTree = "<group>";
		};
		49361981288AE33300FFA82F /* Screens */ = {
			isa = PBXGroup;
			children = (
				49C86CE328891EF2009248BC /* CoursesView.swift */,
			);
			path = Screens;
			sourceTree = "<group>";
		};
		49361985288AE3E100FFA82F /* Lists */ = {
			isa = PBXGroup;
			children = (
				49361982288AE38400FFA82F /* CourseList.swift */,
			);
			path = Lists;
			sourceTree = "<group>";
		};
		49C86CBC2889166B009248BC = {
			isa = PBXGroup;
			children = (
				49C86CC12889166C009248BC /* Shared */,
				49C86CD02889166D009248BC /* macOS */,
				49C86CCA2889166D009248BC /* Products */,
			);
			sourceTree = "<group>";
		};
		49C86CC12889166C009248BC /* Shared */ = {
			isa = PBXGroup;
			children = (
				49361985288AE3E100FFA82F /* Lists */,
				49361980288AE30D00FFA82F /* Items */,
				4936197F288AE2F600FFA82F /* Navigation */,
				49361981288AE33300FFA82F /* Screens */,
				49C86CC22889166C009248BC /* Design_Code_iOS_14App.swift */,
				49C86CC42889166D009248BC /* Assets.xcassets */,
			);
			path = Shared;
			sourceTree = "<group>";
		};
		49C86CCA2889166D009248BC /* Products */ = {
			isa = PBXGroup;
			children = (
				49C86CC92889166D009248BC /* Design Code iOS 14.app */,
				49C86CCF2889166D009248BC /* Design Code iOS 14.app */,
			);
			name = Products;
			sourceTree = "<group>";
		};
		49C86CD02889166D009248BC /* macOS */ = {
			isa = PBXGroup;
			children = (
				49C86CD12889166D009248BC /* macOS.entitlements */,
			);
			path = macOS;
			sourceTree = "<group>";
		};
/* End PBXGroup section */

/* Begin PBXNativeTarget section */
		49C86CC82889166D009248BC /* Design Code iOS 14 (iOS) */ = {
			isa = PBXNativeTarget;
			buildConfigurationList = 49C86CDA2889166D009248BC /* Build configuration list for PBXNativeTarget "Design Code iOS 14 (iOS)" */;
			buildPhases = (
				49C86CC52889166D009248BC /* Sources */,
				49C86CC62889166D009248BC /* Frameworks */,
				49C86CC72889166D009248BC /* Resources */,
			);
			buildRules = (
			);
			dependencies = (
			);
			name = "Design Code iOS 14 (iOS)";
			productName = "Design Code iOS 14 (iOS)";
			productReference = 49C86CC92889166D009248BC /* Design Code iOS 14.app */;
			productType = "com.apple.product-type.application";
		};
		49C86CCE2889166D009248BC /* Design Code iOS 14 (macOS) */ = {
			isa = PBXNativeTarget;
			buildConfigurationList = 49C86CDD2889166D009248BC /* Build configuration list for PBXNativeTarget "Design Code iOS 14 (macOS)" */;
			buildPhases = (
				49C86CCB2889166D009248BC /* Sources */,
				49C86CCC2889166D009248BC /* Frameworks */,
				49C86CCD2889166D009248BC /* Resources */,
			);
			buildRules = (
			);
			dependencies = (
			);
			name = "Design Code iOS 14 (macOS)";
			productName = "Design Code iOS 14 (macOS)";
			productReference = 49C86CCF2889166D009248BC /* Design Code iOS 14.app */;
			productType = "com.apple.product-type.application";
		};
/* End PBXNativeTarget section */

/* Begin PBXProject section */
		49C86CBD2889166B009248BC /* Project object */ = {
			isa = PBXProject;
			attributes = {
				BuildIndependentTargetsInParallel = 1;
				LastSwiftUpdateCheck = 1330;
				LastUpgradeCheck = 1330;
				TargetAttributes = {
					49C86CC82889166D009248BC = {
						CreatedOnToolsVersion = 13.3.1;
					};
					49C86CCE2889166D009248BC = {
						CreatedOnToolsVersion = 13.3.1;
					};
				};
			};
			buildConfigurationList = 49C86CC02889166B009248BC /* Build configuration list for PBXProject "Design Code iOS 14" */;
			compatibilityVersion = "Xcode 13.0";
			developmentRegion = en;
			hasScannedForEncodings = 0;
			knownRegions = (
				en,
				Base,
			);
			mainGroup = 49C86CBC2889166B009248BC;
			productRefGroup = 49C86CCA2889166D009248BC /* Products */;
			projectDirPath = "";
			projectRoot = "";
			targets = (
				49C86CC82889166D009248BC /* Design Code iOS 14 (iOS) */,
				49C86CCE2889166D009248BC /* Design Code iOS 14 (macOS) */,
			);
		};
/* End PBXProject section */

/* Begin PBXResourcesBuildPhase section */
		49C86CC72889166D009248BC /* Resources */ = {
			isa = PBXResourcesBuildPhase;
			buildActionMask = 2147483647;
			files = (
				49C86CD62889166D009248BC /* Assets.xcassets in Resources */,
			);
			runOnlyForDeploymentPostprocessing = 0;
		};
		49C86CCD2889166D009248BC /* Resources */ = {
			isa = PBXResourcesBuildPhase;
			buildActionMask = 2147483647;
			files = (
				49C86CD72889166D009248BC /* Assets.xcassets in Resources */,
			);
			runOnlyForDeploymentPostprocessing = 0;
		};
/* End PBXResourcesBuildPhase section */

/* Begin PBXSourcesBuildPhase section */
		49C86CC52889166D009248BC /* Sources */ = {
			isa = PBXSourcesBuildPhase;
			buildActionMask = 2147483647;
			files = (
				4936197A288A105600FFA82F /* Sidebar.swift in Sources */,
				4936197D288AE24200FFA82F /* CourseItem.swift in Sources */,
				49C86CD42889166D009248BC /* ContentView.swift in Sources */,
				49C86CE128891CF3009248BC /* CourseRow.swift in Sources */,
				49C86CD22889166D009248BC /* Design_Code_iOS_14App.swift in Sources */,
				49C86CE428891EF2009248BC /* CoursesView.swift in Sources */,
				49361983288AE38400FFA82F /* CourseList.swift in Sources */,
			);
			runOnlyForDeploymentPostprocessing = 0;
		};
		49C86CCB2889166D009248BC /* Sources */ = {
			isa = PBXSourcesBuildPhase;
			buildActionMask = 2147483647;
			files = (
				4936197B288A105600FFA82F /* Sidebar.swift in Sources */,
				4936197E288AE24200FFA82F /* CourseItem.swift in Sources */,
				49C86CD52889166D009248BC /* ContentView.swift in Sources */,
				49C86CE228891CF3009248BC /* CourseRow.swift in Sources */,
				49C86CD32889166D009248BC /* Design_Code_iOS_14App.swift in Sources */,
				49C86CE528891EF2009248BC /* CoursesView.swift in Sources */,
				49361984288AE38400FFA82F /* CourseList.swift in Sources */,
			);
			runOnlyForDeploymentPostprocessing = 0;
		};
/* End PBXSourcesBuildPhase section */

/* Begin XCBuildConfiguration section */
		49C86CD82889166D009248BC /* Debug */ = {
			isa = XCBuildConfiguration;
			buildSettings = {
				ALWAYS_SEARCH_USER_PATHS = NO;
				CLANG_ANALYZER_NONNULL = YES;
				CLANG_ANALYZER_NUMBER_OBJECT_CONVERSION = YES_AGGRESSIVE;
				CLANG_CXX_LANGUAGE_STANDARD = "gnu++17";
				CLANG_ENABLE_MODULES = YES;
				CLANG_ENABLE_OBJC_ARC = YES;
				CLANG_ENABLE_OBJC_WEAK = YES;
				CLANG_WARN_BLOCK_CAPTURE_AUTORELEASING = YES;
				CLANG_WARN_BOOL_CONVERSION = YES;
				CLANG_WARN_COMMA = YES;
				CLANG_WARN_CONSTANT_CONVERSION = YES;
				CLANG_WARN_DEPRECATED_OBJC_IMPLEMENTATIONS = YES;
				CLANG_WARN_DIRECT_OBJC_ISA_USAGE = YES_ERROR;
				CLANG_WARN_DOCUMENTATION_COMMENTS = YES;
				CLANG_WARN_EMPTY_BODY = YES;
				CLANG_WARN_ENUM_CONVERSION = YES;
				CLANG_WARN_INFINITE_RECURSION = YES;
				CLANG_WARN_INT_CONVERSION = YES;
				CLANG_WARN_NON_LITERAL_NULL_CONVERSION = YES;
				CLANG_WARN_OBJC_IMPLICIT_RETAIN_SELF = YES;
				CLANG_WARN_OBJC_LITERAL_CONVERSION = YES;
				CLANG_WARN_OBJC_ROOT_CLASS = YES_ERROR;
				CLANG_WARN_QUOTED_INCLUDE_IN_FRAMEWORK_HEADER = YES;
				CLANG_WARN_RANGE_LOOP_ANALYSIS = YES;
				CLANG_WARN_STRICT_PROTOTYPES = YES;
				CLANG_WARN_SUSPICIOUS_MOVE = YES;
				CLANG_WARN_UNGUARDED_AVAILABILITY = YES_AGGRESSIVE;
				CLANG_WARN_UNREACHABLE_CODE = YES;
				CLANG_WARN__DUPLICATE_METHOD_MATCH = YES;
				COPY_PHASE_STRIP = NO;
				DEBUG_INFORMATION_FORMAT = dwarf;
				ENABLE_STRICT_OBJC_MSGSEND = YES;
				ENABLE_TESTABILITY = YES;
				GCC_C_LANGUAGE_STANDARD = gnu11;
				GCC_DYNAMIC_NO_PIC = NO;
				GCC_NO_COMMON_BLOCKS = YES;
				GCC_OPTIMIZATION_LEVEL = 0;
				GCC_PREPROCESSOR_DEFINITIONS = (
					"DEBUG=1",
					"$(inherited)",
				);
				GCC_WARN_64_TO_32_BIT_CONVERSION = YES;
				GCC_WARN_ABOUT_RETURN_TYPE = YES_ERROR;
				GCC_WARN_UNDECLARED_SELECTOR = YES;
				GCC_WARN_UNINITIALIZED_AUTOS = YES_AGGRESSIVE;
				GCC_WARN_UNUSED_FUNCTION = YES;
				GCC_WARN_UNUSED_VARIABLE = YES;
				MTL_ENABLE_DEBUG_INFO = INCLUDE_SOURCE;
				MTL_FAST_MATH = YES;
				ONLY_ACTIVE_ARCH = YES;
				SWIFT_ACTIVE_COMPILATION_CONDITIONS = DEBUG;
				SWIFT_OPTIMIZATION_LEVEL = "-Onone";
			};
			name = Debug;
		};
		49C86CD92889166D009248BC /* Release */ = {
			isa = XCBuildConfiguration;
			buildSettings = {
				ALWAYS_SEARCH_USER_PATHS = NO;
				CLANG_ANALYZER_NONNULL = YES;
				CLANG_ANALYZER_NUMBER_OBJECT_CONVERSION = YES_AGGRESSIVE;
				CLANG_CXX_LANGUAGE_STANDARD = "gnu++17";
				CLANG_ENABLE_MODULES = YES;
				CLANG_ENABLE_OBJC_ARC = YES;
				CLANG_ENABLE_OBJC_WEAK = YES;
				CLANG_WARN_BLOCK_CAPTURE_AUTORELEASING = YES;
				CLANG_WARN_BOOL_CONVERSION = YES;
				CLANG_WARN_COMMA = YES;
				CLANG_WARN_CONSTANT_CONVERSION = YES;
				CLANG_WARN_DEPRECATED_OBJC_IMPLEMENTATIONS = YES;
				CLANG_WARN_DIRECT_OBJC_ISA_USAGE = YES_ERROR;
				CLANG_WARN_DOCUMENTATION_COMMENTS = YES;
				CLANG_WARN_EMPTY_BODY = YES;
				CLANG_WARN_ENUM_CONVERSION = YES;
				CLANG_WARN_INFINITE_RECURSION = YES;
				CLANG_WARN_INT_CONVERSION = YES;
				CLANG_WARN_NON_LITERAL_NULL_CONVERSION = YES;
				CLANG_WARN_OBJC_IMPLICIT_RETAIN_SELF = YES;
				CLANG_WARN_OBJC_LITERAL_CONVERSION = YES;
				CLANG_WARN_OBJC_ROOT_CLASS = YES_ERROR;
				CLANG_WARN_QUOTED_INCLUDE_IN_FRAMEWORK_HEADER = YES;
				CLANG_WARN_RANGE_LOOP_ANALYSIS = YES;
				CLANG_WARN_STRICT_PROTOTYPES = YES;
				CLANG_WARN_SUSPICIOUS_MOVE = YES;
				CLANG_WARN_UNGUARDED_AVAILABILITY = YES_AGGRESSIVE;
				CLANG_WARN_UNREACHABLE_CODE = YES;
				CLANG_WARN__DUPLICATE_METHOD_MATCH = YES;
				COPY_PHASE_STRIP = NO;
				DEBUG_INFORMATION_FORMAT = "dwarf-with-dsym";
				ENABLE_NS_ASSERTIONS = NO;
				ENABLE_STRICT_OBJC_MSGSEND = YES;
				GCC_C_LANGUAGE_STANDARD = gnu11;
				GCC_NO_COMMON_BLOCKS = YES;
				GCC_WARN_64_TO_32_BIT_CONVERSION = YES;
				GCC_WARN_ABOUT_RETURN_TYPE = YES_ERROR;
				GCC_WARN_UNDECLARED_SELECTOR = YES;
				GCC_WARN_UNINITIALIZED_AUTOS = YES_AGGRESSIVE;
				GCC_WARN_UNUSED_FUNCTION = YES;
				GCC_WARN_UNUSED_VARIABLE = YES;
				MTL_ENABLE_DEBUG_INFO = NO;
				MTL_FAST_MATH = YES;
				SWIFT_COMPILATION_MODE = wholemodule;
				SWIFT_OPTIMIZATION_LEVEL = "-O";
			};
			name = Release;
		};
		49C86CDB2889166D009248BC /* Debug */ = {
			isa = XCBuildConfiguration;
			buildSettings = {
				ASSETCATALOG_COMPILER_APPICON_NAME = AppIcon;
				ASSETCATALOG_COMPILER_GLOBAL_ACCENT_COLOR_NAME = AccentColor;
				CODE_SIGN_STYLE = Automatic;
				CURRENT_PROJECT_VERSION = 1;
				DEVELOPMENT_TEAM = WC362J72KA;
				ENABLE_PREVIEWS = YES;
				GENERATE_INFOPLIST_FILE = YES;
				INFOPLIST_KEY_UIApplicationSceneManifest_Generation = YES;
				INFOPLIST_KEY_UIApplicationSupportsIndirectInputEvents = YES;
				INFOPLIST_KEY_UILaunchScreen_Generation = YES;
				INFOPLIST_KEY_UISupportedInterfaceOrientations_iPad = "UIInterfaceOrientationPortrait UIInterfaceOrientationPortraitUpsideDown UIInterfaceOrientationLandscapeLeft UIInterfaceOrientationLandscapeRight";
				INFOPLIST_KEY_UISupportedInterfaceOrientations_iPhone = "UIInterfaceOrientationPortrait UIInterfaceOrientationLandscapeLeft UIInterfaceOrientationLandscapeRight";
				IPHONEOS_DEPLOYMENT_TARGET = 15.4;
				LD_RUNPATH_SEARCH_PATHS = (
					"$(inherited)",
					"@executable_path/Frameworks",
				);
				MARKETING_VERSION = 1.0;
				PRODUCT_BUNDLE_IDENTIFIER = "ca.bytesizedsoftware.Design-Code-iOS-14";
				PRODUCT_NAME = "Design Code iOS 14";
				SDKROOT = iphoneos;
				SWIFT_EMIT_LOC_STRINGS = YES;
				SWIFT_VERSION = 5.0;
				TARGETED_DEVICE_FAMILY = "1,2";
			};
			name = Debug;
		};
		49C86CDC2889166D009248BC /* Release */ = {
			isa = XCBuildConfiguration;
			buildSettings = {
				ASSETCATALOG_COMPILER_APPICON_NAME = AppIcon;
				ASSETCATALOG_COMPILER_GLOBAL_ACCENT_COLOR_NAME = AccentColor;
				CODE_SIGN_STYLE = Automatic;
				CURRENT_PROJECT_VERSION = 1;
				DEVELOPMENT_TEAM = WC362J72KA;
				ENABLE_PREVIEWS = YES;
				GENERATE_INFOPLIST_FILE = YES;
				INFOPLIST_KEY_UIApplicationSceneManifest_Generation = YES;
				INFOPLIST_KEY_UIApplicationSupportsIndirectInputEvents = YES;
				INFOPLIST_KEY_UILaunchScreen_Generation = YES;
				INFOPLIST_KEY_UISupportedInterfaceOrientations_iPad = "UIInterfaceOrientationPortrait UIInterfaceOrientationPortraitUpsideDown UIInterfaceOrientationLandscapeLeft UIInterfaceOrientationLandscapeRight";
				INFOPLIST_KEY_UISupportedInterfaceOrientations_iPhone = "UIInterfaceOrientationPortrait UIInterfaceOrientationLandscapeLeft UIInterfaceOrientationLandscapeRight";
				IPHONEOS_DEPLOYMENT_TARGET = 15.4;
				LD_RUNPATH_SEARCH_PATHS = (
					"$(inherited)",
					"@executable_path/Frameworks",
				);
				MARKETING_VERSION = 1.0;
				PRODUCT_BUNDLE_IDENTIFIER = "ca.bytesizedsoftware.Design-Code-iOS-14";
				PRODUCT_NAME = "Design Code iOS 14";
				SDKROOT = iphoneos;
				SWIFT_EMIT_LOC_STRINGS = YES;
				SWIFT_VERSION = 5.0;
				TARGETED_DEVICE_FAMILY = "1,2";
				VALIDATE_PRODUCT = YES;
			};
			name = Release;
		};
		49C86CDE2889166D009248BC /* Debug */ = {
			isa = XCBuildConfiguration;
			buildSettings = {
				ASSETCATALOG_COMPILER_APPICON_NAME = AppIcon;
				ASSETCATALOG_COMPILER_GLOBAL_ACCENT_COLOR_NAME = AccentColor;
				CODE_SIGN_ENTITLEMENTS = macOS/macOS.entitlements;
				CODE_SIGN_STYLE = Automatic;
				COMBINE_HIDPI_IMAGES = YES;
				CURRENT_PROJECT_VERSION = 1;
				DEVELOPMENT_TEAM = WC362J72KA;
				ENABLE_HARDENED_RUNTIME = YES;
				ENABLE_PREVIEWS = YES;
				GENERATE_INFOPLIST_FILE = YES;
				INFOPLIST_KEY_NSHumanReadableCopyright = "";
				LD_RUNPATH_SEARCH_PATHS = (
					"$(inherited)",
					"@executable_path/../Frameworks",
				);
				MACOSX_DEPLOYMENT_TARGET = 12.3;
				MARKETING_VERSION = 1.0;
				PRODUCT_BUNDLE_IDENTIFIER = "ca.bytesizedsoftware.Design-Code-iOS-14";
				PRODUCT_NAME = "Design Code iOS 14";
				SDKROOT = macosx;
				SWIFT_EMIT_LOC_STRINGS = YES;
				SWIFT_VERSION = 5.0;
			};
			name = Debug;
		};
		49C86CDF2889166D009248BC /* Release */ = {
			isa = XCBuildConfiguration;
			buildSettings = {
				ASSETCATALOG_COMPILER_APPICON_NAME = AppIcon;
				ASSETCATALOG_COMPILER_GLOBAL_ACCENT_COLOR_NAME = AccentColor;
				CODE_SIGN_ENTITLEMENTS = macOS/macOS.entitlements;
				CODE_SIGN_STYLE = Automatic;
				COMBINE_HIDPI_IMAGES = YES;
				CURRENT_PROJECT_VERSION = 1;
				DEVELOPMENT_TEAM = WC362J72KA;
				ENABLE_HARDENED_RUNTIME = YES;
				ENABLE_PREVIEWS = YES;
				GENERATE_INFOPLIST_FILE = YES;
				INFOPLIST_KEY_NSHumanReadableCopyright = "";
				LD_RUNPATH_SEARCH_PATHS = (
					"$(inherited)",
					"@executable_path/../Frameworks",
				);
				MACOSX_DEPLOYMENT_TARGET = 12.3;
				MARKETING_VERSION = 1.0;
				PRODUCT_BUNDLE_IDENTIFIER = "ca.bytesizedsoftware.Design-Code-iOS-14";
				PRODUCT_NAME = "Design Code iOS 14";
				SDKROOT = macosx;
				SWIFT_EMIT_LOC_STRINGS = YES;
				SWIFT_VERSION = 5.0;
			};
			name = Release;
		};
/* End XCBuildConfiguration section */

/* Begin XCConfigurationList section */
		49C86CC02889166B009248BC /* Build configuration list for PBXProject "Design Code iOS 14" */ = {
			isa = XCConfigurationList;
			buildConfigurations = (
				49C86CD82889166D009248BC /* Debug */,
				49C86CD92889166D009248BC /* Release */,
			);
			defaultConfigurationIsVisible = 0;
			defaultConfigurationName = Release;
		};
		49C86CDA2889166D009248BC /* Build configuration list for PBXNativeTarget "Design Code iOS 14 (iOS)" */ = {
			isa = XCConfigurationList;
			buildConfigurations = (
				49C86CDB2889166D009248BC /* Debug */,
				49C86CDC2889166D009248BC /* Release */,
			);
			defaultConfigurationIsVisible = 0;
			defaultConfigurationName = Release;
		};
		49C86CDD2889166D009248BC /* Build configuration list for PBXNativeTarget "Design Code iOS 14 (macOS)" */ = {
			isa = XCConfigurationList;
			buildConfigurations = (
				49C86CDE2889166D009248BC /* Debug */,
				49C86CDF2889166D009248BC /* Release */,
			);
			defaultConfigurationIsVisible = 0;
			defaultConfigurationName = Release;
		};
/* End XCConfigurationList section */
	};
	rootObject = 49C86CBD2889166B009248BC /* Project object */;
}
